
Microsoft Visual Studio Solution File, Format Version 12.00
# Visual Studio Version 18
VisualStudioVersion = 18.1.11312.151 d18.0
MinimumVisualStudioVersion = 10.0.40219.1
Project("{FAE04EC0-301F-11D3-BF4B-00C04F79EFBC}") = "WebApplication1", "WebApplication1\WebApplication1.csproj", "{4434EEC7-307A-4D4C-B432-96EC6270A99D}"
EndProject
Project("{FAE04EC0-301F-11D3-BF4B-00C04F79EFBC}") = "WebApplication1.Tests", "WebApplication1.Tests\WebApplication1.Tests.csproj", "{4F01A3CC-8BD5-4710-A349-F8112D493C02}"
EndProject
Project("{2150E333-8FDC-42A3-9474-1A3956D46DE8}") = "Solution Items", "Solution Items", "{7B1273A6-8B33-4CE4-A7D5-946760086897}"
	ProjectSection(SolutionItems) = preProject
		..\.github\workflows\dotnet-desktop.yml = ..\.github\workflows\dotnet-desktop.yml
	EndProjectSection
EndProject
Global
	GlobalSection(SolutionConfigurationPlatforms) = preSolution
		Debug|Any CPU = Debug|Any CPU
		Release|Any CPU = Release|Any CPU
	EndGlobalSection
	GlobalSection(ProjectConfigurationPlatforms) = postSolution
		{4434EEC7-307A-4D4C-B432-96EC6270A99D}.Debug|Any CPU.ActiveCfg = Debug|Any CPU
		{4434EEC7-307A-4D4C-B432-96EC6270A99D}.Debug|Any CPU.Build.0 = Debug|Any CPU
		{4434EEC7-307A-4D4C-B432-96EC6270A99D}.Release|Any CPU.ActiveCfg = Release|Any CPU
		{4434EEC7-307A-4D4C-B432-96EC6270A99D}.Release|Any CPU.Build.0 = Release|Any CPU
		{4F01A3CC-8BD5-4710-A349-F8112D493C02}.Debug|Any CPU.ActiveCfg = Debug|Any CPU
		{4F01A3CC-8BD5-4710-A349-F8112D493C02}.Debug|Any CPU.Build.0 = Debug|Any CPU
		{4F01A3CC-8BD5-4710-A349-F8112D493C02}.Release|Any CPU.ActiveCfg = Release|Any CPU
		{4F01A3CC-8BD5-4710-A349-F8112D493C02}.Release|Any CPU.Build.0 = Release|Any CPU
	EndGlobalSection
	GlobalSection(SolutionProperties) = preSolution
		HideSolutionNode = FALSE
	EndGlobalSection
	GlobalSection(ExtensibilityGlobals) = postSolution
		SolutionGuid = {750F81CD-A330-45E2-9F57-6A3DA48A1570}
	EndGlobalSection
EndGlobal
